// !$*UTF8*$!
{
	archiveVersion = 1;
	classes = {
	};
	objectVersion = 56;
	objects = {

/* Begin PBXBuildFile section */
		B74458252B959D11006F455E /* AppDelegate.swift in Sources */ = {isa = PBXBuildFile; fileRef = B74458242B959D11006F455E /* AppDelegate.swift */; };
		B74458272B959D11006F455E /* SceneDelegate.swift in Sources */ = {isa = PBXBuildFile; fileRef = B74458262B959D11006F455E /* SceneDelegate.swift */; };
		B74458292B959D11006F455E /* ViewController.swift in Sources */ = {isa = PBXBuildFile; fileRef = B74458282B959D11006F455E /* ViewController.swift */; };
		B744582C2B959D11006F455E /* Main.storyboard in Resources */ = {isa = PBXBuildFile; fileRef = B744582A2B959D11006F455E /* Main.storyboard */; };
		B744582E2B959D13006F455E /* Assets.xcassets in Resources */ = {isa = PBXBuildFile; fileRef = B744582D2B959D13006F455E /* Assets.xcassets */; };
		B74458312B959D13006F455E /* LaunchScreen.storyboard in Resources */ = {isa = PBXBuildFile; fileRef = B744582F2B959D13006F455E /* LaunchScreen.storyboard */; };
		B74458392B959F8F006F455E /* myTableViewCell.swift in Sources */ = {isa = PBXBuildFile; fileRef = B74458382B959F8F006F455E /* myTableViewCell.swift */; };
		B744583B2B95A1A6006F455E /* Model.swift in Sources */ = {isa = PBXBuildFile; fileRef = B744583A2B95A1A6006F455E /* Model.swift */; };
		B744583D2B95A705006F455E /* InformationViewController.swift in Sources */ = {isa = PBXBuildFile; fileRef = B744583C2B95A705006F455E /* InformationViewController.swift */; };
		B76C372C2B95B24A00FC9435 /* Constant.swift in Sources */ = {isa = PBXBuildFile; fileRef = B76C372B2B95B24A00FC9435 /* Constant.swift */; };
/* End PBXBuildFile section */

/* Begin PBXFileReference section */
		B74458212B959D11006F455E /* FriendList.app */ = {isa = PBXFileReference; explicitFileType = wrapper.application; includeInIndex = 0; path = FriendList.app; sourceTree = BUILT_PRODUCTS_DIR; };
		B74458242B959D11006F455E /* AppDelegate.swift */ = {isa = PBXFileReference; lastKnownFileType = sourcecode.swift; path = AppDelegate.swift; sourceTree = "<group>"; };
		B74458262B959D11006F455E /* SceneDelegate.swift */ = {isa = PBXFileReference; lastKnownFileType = sourcecode.swift; path = SceneDelegate.swift; sourceTree = "<group>"; };
		B74458282B959D11006F455E /* ViewController.swift */ = {isa = PBXFileReference; lastKnownFileType = sourcecode.swift; path = ViewController.swift; sourceTree = "<group>"; };
		B744582B2B959D11006F455E /* Base */ = {isa = PBXFileReference; lastKnownFileType = file.storyboard; name = Base; path = Base.lproj/Main.storyboard; sourceTree = "<group>"; };
		B744582D2B959D13006F455E /* Assets.xcassets */ = {isa = PBXFileReference; lastKnownFileType = folder.assetcatalog; path = Assets.xcassets; sourceTree = "<group>"; };
		B74458302B959D13006F455E /* Base */ = {isa = PBXFileReference; lastKnownFileType = file.storyboard; name = Base; path = Base.lproj/LaunchScreen.storyboard; sourceTree = "<group>"; };
		B74458322B959D13006F455E /* Info.plist */ = {isa = PBXFileReference; lastKnownFileType = text.plist.xml; path = Info.plist; sourceTree = "<group>"; };
		B74458382B959F8F006F455E /* myTableViewCell.swift */ = {isa = PBXFileReference; lastKnownFileType = sourcecode.swift; path = myTableViewCell.swift; sourceTree = "<group>"; };
		B744583A2B95A1A6006F455E /* Model.swift */ = {isa = PBXFileReference; lastKnownFileType = sourcecode.swift; path = Model.swift; sourceTree = "<group>"; };
		B744583C2B95A705006F455E /* InformationViewController.swift */ = {isa = PBXFileReference; lastKnownFileType = sourcecode.swift; path = InformationViewController.swift; sourceTree = "<group>"; };
		B76C372B2B95B24A00FC9435 /* Constant.swift */ = {isa = PBXFileReference; lastKnownFileType = sourcecode.swift; path = Constant.swift; sourceTree = "<group>"; };
/* End PBXFileReference section */

/* Begin PBXFrameworksBuildPhase section */
		B744581E2B959D11006F455E /* Frameworks */ = {
			isa = PBXFrameworksBuildPhase;
			buildActionMask = 2147483647;
			files = (
			);
			runOnlyForDeploymentPostprocessing = 0;
		};
/* End PBXFrameworksBuildPhase section */

/* Begin PBXGroup section */
		B74458182B959D11006F455E = {
			isa = PBXGroup;
			children = (
				B74458232B959D11006F455E /* FriendList */,
				B74458222B959D11006F455E /* Products */,
			);
			sourceTree = "<group>";
		};
		B74458222B959D11006F455E /* Products */ = {
			isa = PBXGroup;
			children = (
				B74458212B959D11006F455E /* FriendList.app */,
			);
			name = Products;
			sourceTree = "<group>";
		};
		B74458232B959D11006F455E /* FriendList */ = {
			isa = PBXGroup;
			children = (
				B74458242B959D11006F455E /* AppDelegate.swift */,
				B74458262B959D11006F455E /* SceneDelegate.swift */,
				B7CDAB3A2B978C5C001E04BB /* Constant */,
				B744582A2B959D11006F455E /* Main.storyboard */,
				B7CDAB392B978C46001E04BB /* Controller */,
				B7CDAB372B978C19001E04BB /* Model */,
				B7CDAB382B978C2F001E04BB /* View */,
				B744582D2B959D13006F455E /* Assets.xcassets */,
				B744582F2B959D13006F455E /* LaunchScreen.storyboard */,
				B74458322B959D13006F455E /* Info.plist */,
			);
			path = FriendList;
			sourceTree = "<group>";
		};
		B7CDAB372B978C19001E04BB /* Model */ = {
			isa = PBXGroup;
			children = (
				B744583A2B95A1A6006F455E /* Model.swift */,
			);
			path = Model;
			sourceTree = "<group>";
		};
		B7CDAB382B978C2F001E04BB /* View */ = {
			isa = PBXGroup;
			children = (
				B74458382B959F8F006F455E /* myTableViewCell.swift */,
			);
			path = View;
			sourceTree = "<group>";
		};
		B7CDAB392B978C46001E04BB /* Controller */ = {
			isa = PBXGroup;
			children = (
				B74458282B959D11006F455E /* ViewController.swift */,
				B744583C2B95A705006F455E /* InformationViewController.swift */,
			);
			path = Controller;
			sourceTree = "<group>";
		};
		B7CDAB3A2B978C5C001E04BB /* Constant */ = {
			isa = PBXGroup;
			children = (
				B76C372B2B95B24A00FC9435 /* Constant.swift */,
			);
			path = Constant;
			sourceTree = "<group>";
		};
/* End PBXGroup section */

/* Begin PBXNativeTarget section */
		B74458202B959D11006F455E /* FriendList */ = {
			isa = PBXNativeTarget;
			buildConfigurationList = B74458352B959D13006F455E /* Build configuration list for PBXNativeTarget "FriendList" */;
			buildPhases = (
				B744581D2B959D11006F455E /* Sources */,
				B744581E2B959D11006F455E /* Frameworks */,
				B744581F2B959D11006F455E /* Resources */,
			);
			buildRules = (
			);
			dependencies = (
			);
			name = FriendList;
			productName = FriendList;
			productReference = B74458212B959D11006F455E /* FriendList.app */;
			productType = "com.apple.product-type.application";
		};
/* End PBXNativeTarget section */

/* Begin PBXProject section */
		B74458192B959D11006F455E /* Project object */ = {
			isa = PBXProject;
			attributes = {
				BuildIndependentTargetsInParallel = 1;
				LastSwiftUpdateCheck = 1500;
				LastUpgradeCheck = 1500;
				TargetAttributes = {
					B74458202B959D11006F455E = {
						CreatedOnToolsVersion = 15.0.1;
					};
				};
			};
			buildConfigurationList = B744581C2B959D11006F455E /* Build configuration list for PBXProject "FriendList" */;
			compatibilityVersion = "Xcode 14.0";
			developmentRegion = en;
			hasScannedForEncodings = 0;
			knownRegions = (
				en,
				Base,
			);
			mainGroup = B74458182B959D11006F455E;
			productRefGroup = B74458222B959D11006F455E /* Products */;
			projectDirPath = "";
			projectRoot = "";
			targets = (
				B74458202B959D11006F455E /* FriendList */,
			);
		};
/* End PBXProject section */

/* Begin PBXResourcesBuildPhase section */
		B744581F2B959D11006F455E /* Resources */ = {
			isa = PBXResourcesBuildPhase;
			buildActionMask = 2147483647;
			files = (
				B74458312B959D13006F455E /* LaunchScreen.storyboard in Resources */,
				B744582E2B959D13006F455E /* Assets.xcassets in Resources */,
				B744582C2B959D11006F455E /* Main.storyboard in Resources */,
			);
			runOnlyForDeploymentPostprocessing = 0;
		};
/* End PBXResourcesBuildPhase section */

/* Begin PBXSourcesBuildPhase section */
		B744581D2B959D11006F455E /* Sources */ = {
			isa = PBXSourcesBuildPhase;
			buildActionMask = 2147483647;
			files = (
				B76C372C2B95B24A00FC9435 /* Constant.swift in Sources */,
				B744583B2B95A1A6006F455E /* Model.swift in Sources */,
				B74458292B959D11006F455E /* ViewController.swift in Sources */,
				B74458392B959F8F006F455E /* myTableViewCell.swift in Sources */,
				B74458252B959D11006F455E /* AppDelegate.swift in Sources */,
				B74458272B959D11006F455E /* SceneDelegate.swift in Sources */,
				B744583D2B95A705006F455E /* InformationViewController.swift in Sources */,
			);
			runOnlyForDeploymentPostprocessing = 0;
		};
/* End PBXSourcesBuildPhase section */

/* Begin PBXVariantGroup section */
		B744582A2B959D11006F455E /* Main.storyboard */ = {
			isa = PBXVariantGroup;
			children = (
				B744582B2B959D11006F455E /* Base */,
			);
			name = Main.storyboard;
			sourceTree = "<group>";
		};
		B744582F2B959D13006F455E /* LaunchScreen.storyboard */ = {
			isa = PBXVariantGroup;
			children = (
				B74458302B959D13006F455E /* Base */,
			);
			name = LaunchScreen.storyboard;
			sourceTree = "<group>";
		};
/* End PBXVariantGroup section */

/* Begin XCBuildConfiguration section */
		B74458332B959D13006F455E /* Debug */ = {
			isa = XCBuildConfiguration;
			buildSettings = {
				ALWAYS_SEARCH_USER_PATHS = NO;
				ASSETCATALOG_COMPILER_GENERATE_SWIFT_ASSET_SYMBOL_EXTENSIONS = YES;
				CLANG_ANALYZER_NONNULL = YES;
				CLANG_ANALYZER_NUMBER_OBJECT_CONVERSION = YES_AGGRESSIVE;
				CLANG_CXX_LANGUAGE_STANDARD = "gnu++20";
				CLANG_ENABLE_MODULES = YES;
				CLANG_ENABLE_OBJC_ARC = YES;
				CLANG_ENABLE_OBJC_WEAK = YES;
				CLANG_WARN_BLOCK_CAPTURE_AUTORELEASING = YES;
				CLANG_WARN_BOOL_CONVERSION = YES;
				CLANG_WARN_COMMA = YES;
				CLANG_WARN_CONSTANT_CONVERSION = YES;
				CLANG_WARN_DEPRECATED_OBJC_IMPLEMENTATIONS = YES;
				CLANG_WARN_DIRECT_OBJC_ISA_USAGE = YES_ERROR;
				CLANG_WARN_DOCUMENTATION_COMMENTS = YES;
				CLANG_WARN_EMPTY_BODY = YES;
				CLANG_WARN_ENUM_CONVERSION = YES;
				CLANG_WARN_INFINITE_RECURSION = YES;
				CLANG_WARN_INT_CONVERSION = YES;
				CLANG_WARN_NON_LITERAL_NULL_CONVERSION = YES;
				CLANG_WARN_OBJC_IMPLICIT_RETAIN_SELF = YES;
				CLANG_WARN_OBJC_LITERAL_CONVERSION = YES;
				CLANG_WARN_OBJC_ROOT_CLASS = YES_ERROR;
				CLANG_WARN_QUOTED_INCLUDE_IN_FRAMEWORK_HEADER = YES;
				CLANG_WARN_RANGE_LOOP_ANALYSIS = YES;
				CLANG_WARN_STRICT_PROTOTYPES = YES;
				CLANG_WARN_SUSPICIOUS_MOVE = YES;
				CLANG_WARN_UNGUARDED_AVAILABILITY = YES_AGGRESSIVE;
				CLANG_WARN_UNREACHABLE_CODE = YES;
				CLANG_WARN__DUPLICATE_METHOD_MATCH = YES;
				COPY_PHASE_STRIP = NO;
				DEBUG_INFORMATION_FORMAT = dwarf;
				ENABLE_STRICT_OBJC_MSGSEND = YES;
				ENABLE_TESTABILITY = YES;
				ENABLE_USER_SCRIPT_SANDBOXING = YES;
				GCC_C_LANGUAGE_STANDARD = gnu17;
				GCC_DYNAMIC_NO_PIC = NO;
				GCC_NO_COMMON_BLOCKS = YES;
				GCC_OPTIMIZATION_LEVEL = 0;
				GCC_PREPROCESSOR_DEFINITIONS = (
					"DEBUG=1",
					"$(inherited)",
				);
				GCC_WARN_64_TO_32_BIT_CONVERSION = YES;
				GCC_WARN_ABOUT_RETURN_TYPE = YES_ERROR;
				GCC_WARN_UNDECLARED_SELECTOR = YES;
				GCC_WARN_UNINITIALIZED_AUTOS = YES_AGGRESSIVE;
				GCC_WARN_UNUSED_FUNCTION = YES;
				GCC_WARN_UNUSED_VARIABLE = YES;
				IPHONEOS_DEPLOYMENT_TARGET = 17.0;
				LOCALIZATION_PREFERS_STRING_CATALOGS = YES;
				MTL_ENABLE_DEBUG_INFO = INCLUDE_SOURCE;
				MTL_FAST_MATH = YES;
				ONLY_ACTIVE_ARCH = YES;
				SDKROOT = iphoneos;
				SWIFT_ACTIVE_COMPILATION_CONDITIONS = "DEBUG $(inherited)";
				SWIFT_OPTIMIZATION_LEVEL = "-Onone";
			};
			name = Debug;
		};
		B74458342B959D13006F455E /* Release */ = {
			isa = XCBuildConfiguration;
			buildSettings = {
				ALWAYS_SEARCH_USER_PATHS = NO;
				ASSETCATALOG_COMPILER_GENERATE_SWIFT_ASSET_SYMBOL_EXTENSIONS = YES;
				CLANG_ANALYZER_NONNULL = YES;
				CLANG_ANALYZER_NUMBER_OBJECT_CONVERSION = YES_AGGRESSIVE;
				CLANG_CXX_LANGUAGE_STANDARD = "gnu++20";
				CLANG_ENABLE_MODULES = YES;
				CLANG_ENABLE_OBJC_ARC = YES;
				CLANG_ENABLE_OBJC_WEAK = YES;
				CLANG_WARN_BLOCK_CAPTURE_AUTORELEASING = YES;
				CLANG_WARN_BOOL_CONVERSION = YES;
				CLANG_WARN_COMMA = YES;
				CLANG_WARN_CONSTANT_CONVERSION = YES;
				CLANG_WARN_DEPRECATED_OBJC_IMPLEMENTATIONS = YES;
				CLANG_WARN_DIRECT_OBJC_ISA_USAGE = YES_ERROR;
				CLANG_WARN_DOCUMENTATION_COMMENTS = YES;
				CLANG_WARN_EMPTY_BODY = YES;
				CLANG_WARN_ENUM_CONVERSION = YES;
				CLANG_WARN_INFINITE_RECURSION = YES;
				CLANG_WARN_INT_CONVERSION = YES;
				CLANG_WARN_NON_LITERAL_NULL_CONVERSION = YES;
				CLANG_WARN_OBJC_IMPLICIT_RETAIN_SELF = YES;
				CLANG_WARN_OBJC_LITERAL_CONVERSION = YES;
				CLANG_WARN_OBJC_ROOT_CLASS = YES_ERROR;
				CLANG_WARN_QUOTED_INCLUDE_IN_FRAMEWORK_HEADER = YES;
				CLANG_WARN_RANGE_LOOP_ANALYSIS = YES;
				CLANG_WARN_STRICT_PROTOTYPES = YES;
				CLANG_WARN_SUSPICIOUS_MOVE = YES;
				CLANG_WARN_UNGUARDED_AVAILABILITY = YES_AGGRESSIVE;
				CLANG_WARN_UNREACHABLE_CODE = YES;
				CLANG_WARN__DUPLICATE_METHOD_MATCH = YES;
				COPY_PHASE_STRIP = NO;
				DEBUG_INFORMATION_FORMAT = "dwarf-with-dsym";
				ENABLE_NS_ASSERTIONS = NO;
				ENABLE_STRICT_OBJC_MSGSEND = YES;
				ENABLE_USER_SCRIPT_SANDBOXING = YES;
				GCC_C_LANGUAGE_STANDARD = gnu17;
				GCC_NO_COMMON_BLOCKS = YES;
				GCC_WARN_64_TO_32_BIT_CONVERSION = YES;
				GCC_WARN_ABOUT_RETURN_TYPE = YES_ERROR;
				GCC_WARN_UNDECLARED_SELECTOR = YES;
				GCC_WARN_UNINITIALIZED_AUTOS = YES_AGGRESSIVE;
				GCC_WARN_UNUSED_FUNCTION = YES;
				GCC_WARN_UNUSED_VARIABLE = YES;
				IPHONEOS_DEPLOYMENT_TARGET = 17.0;
				LOCALIZATION_PREFERS_STRING_CATALOGS = YES;
				MTL_ENABLE_DEBUG_INFO = NO;
				MTL_FAST_MATH = YES;
				SDKROOT = iphoneos;
				SWIFT_COMPILATION_MODE = wholemodule;
				VALIDATE_PRODUCT = YES;
			};
			name = Release;
		};
		B74458362B959D13006F455E /* Debug */ = {
			isa = XCBuildConfiguration;
			buildSettings = {
				ASSETCATALOG_COMPILER_APPICON_NAME = AppIcon;
				ASSETCATALOG_COMPILER_GLOBAL_ACCENT_COLOR_NAME = AccentColor;
				CODE_SIGN_STYLE = Automatic;
				CURRENT_PROJECT_VERSION = 1;
				DEVELOPMENT_TEAM = F52QC5TRHY;
				GENERATE_INFOPLIST_FILE = YES;
				INFOPLIST_FILE = FriendList/Info.plist;
				INFOPLIST_KEY_UIApplicationSupportsIndirectInputEvents = YES;
				INFOPLIST_KEY_UILaunchStoryboardName = LaunchScreen;
				INFOPLIST_KEY_UIMainStoryboardFile = Main;
				INFOPLIST_KEY_UISupportedInterfaceOrientations_iPad = "UIInterfaceOrientationPortrait UIInterfaceOrientationPortraitUpsideDown UIInterfaceOrientationLandscapeLeft UIInterfaceOrientationLandscapeRight";
				INFOPLIST_KEY_UISupportedInterfaceOrientations_iPhone = "UIInterfaceOrientationPortrait UIInterfaceOrientationLandscapeLeft UIInterfaceOrientationLandscapeRight";
				LD_RUNPATH_SEARCH_PATHS = (
					"$(inherited)",
					"@executable_path/Frameworks",
				);
				MARKETING_VERSION = 1.0;
				PRODUCT_BUNDLE_IDENTIFIER = com.ajay.FriendList;
				PRODUCT_NAME = "$(TARGET_NAME)";
				SWIFT_EMIT_LOC_STRINGS = YES;
				SWIFT_VERSION = 5.0;
				TARGETED_DEVICE_FAMILY = "1,2";
			};
			name = Debug;
		};
		B74458372B959D13006F455E /* Release */ = {
			isa = XCBuildConfiguration;
			buildSettings = {
				ASSETCATALOG_COMPILER_APPICON_NAME = AppIcon;
				ASSETCATALOG_COMPILER_GLOBAL_ACCENT_COLOR_NAME = AccentColor;
				CODE_SIGN_STYLE = Automatic;
				CURRENT_PROJECT_VERSION = 1;
				DEVELOPMENT_TEAM = F52QC5TRHY;
				GENERATE_INFOPLIST_FILE = YES;
				INFOPLIST_FILE = FriendList/Info.plist;
				INFOPLIST_KEY_UIApplicationSupportsIndirectInputEvents = YES;
				INFOPLIST_KEY_UILaunchStoryboardName = LaunchScreen;
				INFOPLIST_KEY_UIMainStoryboardFile = Main;
				INFOPLIST_KEY_UISupportedInterfaceOrientations_iPad = "UIInterfaceOrientationPortrait UIInterfaceOrientationPortraitUpsideDown UIInterfaceOrientationLandscapeLeft UIInterfaceOrientationLandscapeRight";
				INFOPLIST_KEY_UISupportedInterfaceOrientations_iPhone = "UIInterfaceOrientationPortrait UIInterfaceOrientationLandscapeLeft UIInterfaceOrientationLandscapeRight";
				LD_RUNPATH_SEARCH_PATHS = (
					"$(inherited)",
					"@executable_path/Frameworks",
				);
				MARKETING_VERSION = 1.0;
				PRODUCT_BUNDLE_IDENTIFIER = com.ajay.FriendList;
				PRODUCT_NAME = "$(TARGET_NAME)";
				SWIFT_EMIT_LOC_STRINGS = YES;
				SWIFT_VERSION = 5.0;
				TARGETED_DEVICE_FAMILY = "1,2";
			};
			name = Release;
		};
/* End XCBuildConfiguration section */

/* Begin XCConfigurationList section */
		B744581C2B959D11006F455E /* Build configuration list for PBXProject "FriendList" */ = {
			isa = XCConfigurationList;
			buildConfigurations = (
				B74458332B959D13006F455E /* Debug */,
				B74458342B959D13006F455E /* Release */,
			);
			defaultConfigurationIsVisible = 0;
			defaultConfigurationName = Release;
		};
		B74458352B959D13006F455E /* Build configuration list for PBXNativeTarget "FriendList" */ = {
			isa = XCConfigurationList;
			buildConfigurations = (
				B74458362B959D13006F455E /* Debug */,
				B74458372B959D13006F455E /* Release */,
			);
			defaultConfigurationIsVisible = 0;
			defaultConfigurationName = Release;
		};
/* End XCConfigurationList section */
	};
	rootObject = B74458192B959D11006F455E /* Project object */;
}
